# This file is generated by running "yarn install" inside your project.
# Manual changes might be lost - proceed with caution!

__metadata:
  version: 8
  cacheKey: 10c0

"@ai-sdk/google-vertex@npm:^0.0.36":
  version: 0.0.36
  resolution: "@ai-sdk/google-vertex@npm:0.0.36"
  dependencies:
    "@ai-sdk/provider": "npm:0.0.23"
    "@ai-sdk/provider-utils": "npm:1.0.18"
    json-schema: "npm:0.4.0"
  peerDependencies:
    "@google-cloud/vertexai": ^1.4.0
  checksum: 10c0/0f12f5d8f4bcf7565be7124844af0b66d8987e14872ee6b89b2f688c857b812a9ece525534437d96eb604a759607fcf53d3169c67ba7554cd766c7f86f796b8b
  languageName: node
  linkType: hard

"@ai-sdk/provider-utils@npm:1.0.18":
  version: 1.0.18
  resolution: "@ai-sdk/provider-utils@npm:1.0.18"
  dependencies:
    "@ai-sdk/provider": "npm:0.0.23"
    eventsource-parser: "npm:1.1.2"
    nanoid: "npm:3.3.6"
    secure-json-parse: "npm:2.7.0"
  peerDependencies:
    zod: ^3.0.0
  peerDependenciesMeta:
    zod:
      optional: true
  checksum: 10c0/7d9996c5884f7ea10833aa2211c38c42b5b8320600d76e33fdfe2a49c9369cd78ca6bc8ccf8523b0825e268860f46de05c3c2714becf37c300447269f00eeff2
  languageName: node
  linkType: hard

"@ai-sdk/provider@npm:0.0.23":
  version: 0.0.23
  resolution: "@ai-sdk/provider@npm:0.0.23"
  dependencies:
    json-schema: "npm:0.4.0"
  checksum: 10c0/b887a158be35a062d5efee9696a286d1e7764352282b8ff36bf42d46d6e7f6d7a99225a026a276f1b57788200c39790ddeb7221e2df95050db197044d86e73ff
  languageName: node
  linkType: hard

"@ai-sdk/react@npm:0.0.55":
  version: 0.0.55
  resolution: "@ai-sdk/react@npm:0.0.55"
  dependencies:
    "@ai-sdk/provider-utils": "npm:1.0.18"
    "@ai-sdk/ui-utils": "npm:0.0.41"
    swr: "npm:2.2.5"
  peerDependencies:
    react: ^18 || ^19
    zod: ^3.0.0
  peerDependenciesMeta:
    react:
      optional: true
    zod:
      optional: true
  checksum: 10c0/5af09b8b42a3c68b343819cb563cfffe15be5fd5ffe6fb0098c91ef791f11fa03d1b8104e84eda7111a376555f124ea8decd32787a856ebaca820ae15293882b
  languageName: node
  linkType: hard

"@ai-sdk/solid@npm:0.0.44":
  version: 0.0.44
  resolution: "@ai-sdk/solid@npm:0.0.44"
  dependencies:
    "@ai-sdk/provider-utils": "npm:1.0.18"
    "@ai-sdk/ui-utils": "npm:0.0.41"
  peerDependencies:
    solid-js: ^1.7.7
  peerDependenciesMeta:
    solid-js:
      optional: true
  checksum: 10c0/f0b96344cde6c5624f7c8c3dc8e82b42a5cda4c826048ec18044624263b43affdef78ad32ead5ec23dc41c49aae7c78e5184cce69a8c6ec6e1a754e582be0c7b
  languageName: node
  linkType: hard

"@ai-sdk/svelte@npm:0.0.46":
  version: 0.0.46
  resolution: "@ai-sdk/svelte@npm:0.0.46"
  dependencies:
    "@ai-sdk/provider-utils": "npm:1.0.18"
    "@ai-sdk/ui-utils": "npm:0.0.41"
    sswr: "npm:2.1.0"
  peerDependencies:
    svelte: ^3.0.0 || ^4.0.0
  peerDependenciesMeta:
    svelte:
      optional: true
  checksum: 10c0/f413a69c01d3c5a70ce78ee3764139d4f6882528b9fcf7c0d1fe8f855e70222456990cdd293e39af2194953641708571a81a6225f32705075f8cd0ffa1eacb73
  languageName: node
  linkType: hard

"@ai-sdk/ui-utils@npm:0.0.41":
  version: 0.0.41
  resolution: "@ai-sdk/ui-utils@npm:0.0.41"
  dependencies:
    "@ai-sdk/provider": "npm:0.0.23"
    "@ai-sdk/provider-utils": "npm:1.0.18"
    json-schema: "npm:0.4.0"
    secure-json-parse: "npm:2.7.0"
    zod-to-json-schema: "npm:3.23.2"
  peerDependencies:
    zod: ^3.0.0
  peerDependenciesMeta:
    zod:
      optional: true
  checksum: 10c0/d3c7989d8b3cc62b8bbda05393abdd99be59daeeaa2a83aae3d53fe1d520f319b1190358e9c93636a1cdb795bfab05d750f3a30953adf41437579ec0bc74267a
  languageName: node
  linkType: hard

"@ai-sdk/vue@npm:0.0.46":
  version: 0.0.46
  resolution: "@ai-sdk/vue@npm:0.0.46"
  dependencies:
    "@ai-sdk/provider-utils": "npm:1.0.18"
    "@ai-sdk/ui-utils": "npm:0.0.41"
    swrv: "npm:1.0.4"
  peerDependencies:
    vue: ^3.3.4
  peerDependenciesMeta:
    vue:
      optional: true
  checksum: 10c0/b0f502b465351846949a85245d5265c207a9e5676488986c0df3dfbedab636c73fc96512c805e577ccc461391099029a194fcc1dabf1adcd242ee111cc87a339
  languageName: node
  linkType: hard

"@google-cloud/vertexai@npm:^1.7.0":
  version: 1.7.0
  resolution: "@google-cloud/vertexai@npm:1.7.0"
  dependencies:
    google-auth-library: "npm:^9.1.0"
  checksum: 10c0/a62717e0d55bb39eec87dfdfb44723dff4d4e5ac5c9e89a82e53df4a264da9d50f111272f0f8afae5cb086576fe3aa3e1021a6f104c328e5596779797ee0d46a
  languageName: node
  linkType: hard

"@opentelemetry/api@npm:1.9.0":
  version: 1.9.0
  resolution: "@opentelemetry/api@npm:1.9.0"
  checksum: 10c0/9aae2fe6e8a3a3eeb6c1fdef78e1939cf05a0f37f8a4fae4d6bf2e09eb1e06f966ece85805626e01ba5fab48072b94f19b835449e58b6d26720ee19a58298add
  languageName: node
  linkType: hard

"@types/diff-match-patch@npm:^1.0.36":
  version: 1.0.36
  resolution: "@types/diff-match-patch@npm:1.0.36"
  checksum: 10c0/0bad011ab138baa8bde94e7815064bb881f010452463272644ddbbb0590659cb93f7aa2776ff442c6721d70f202839e1053f8aa62d801cc4166f7a3ea9130055
  languageName: node
  linkType: hard

"@types/node-fetch@npm:^2.6.4":
  version: 2.6.11
  resolution: "@types/node-fetch@npm:2.6.11"
  dependencies:
    "@types/node": "npm:*"
    form-data: "npm:^4.0.0"
  checksum: 10c0/5283d4e0bcc37a5b6d8e629aee880a4ffcfb33e089f4b903b2981b19c623972d1e64af7c3f9540ab990f0f5c89b9b5dda19c5bcb37a8e177079e93683bfd2f49
  languageName: node
  linkType: hard

"@types/node@npm:*, @types/node@npm:^22.5.4":
  version: 22.5.4
  resolution: "@types/node@npm:22.5.4"
  dependencies:
    undici-types: "npm:~6.19.2"
  checksum: 10c0/b445daa7eecd761ad4d778b882d6ff7bcc3b4baad2086ea9804db7c5d4a4ab0298b00d7f5315fc640a73b5a1d52bbf9628e09c9fec0cf44dbf9b4df674a8717d
  languageName: node
  linkType: hard

"@types/node@npm:^18.11.18":
  version: 18.19.50
  resolution: "@types/node@npm:18.19.50"
  dependencies:
    undici-types: "npm:~5.26.4"
  checksum: 10c0/36e6bc9eb47213ce94a868dad9504465ad89fba6af9f7954e22bb27fb17a32ac495f263d0cf4fdaee74becd7b2629609a446ec8c2b59b7a07bd587567c8a4782
  languageName: node
  linkType: hard

"@types/prop-types@npm:*":
  version: 15.7.12
  resolution: "@types/prop-types@npm:15.7.12"
  checksum: 10c0/1babcc7db6a1177779f8fde0ccc78d64d459906e6ef69a4ed4dd6339c920c2e05b074ee5a92120fe4e9d9f1a01c952f843ebd550bee2332fc2ef81d1706878f8
  languageName: node
  linkType: hard

"@types/qs@npm:^6.9.15":
  version: 6.9.15
  resolution: "@types/qs@npm:6.9.15"
  checksum: 10c0/49c5ff75ca3adb18a1939310042d273c9fc55920861bd8e5100c8a923b3cda90d759e1a95e18334092da1c8f7b820084687770c83a1ccef04fb2c6908117c823
  languageName: node
  linkType: hard

"@types/react@npm:^18.3.5":
  version: 18.3.5
  resolution: "@types/react@npm:18.3.5"
  dependencies:
    "@types/prop-types": "npm:*"
    csstype: "npm:^3.0.2"
  checksum: 10c0/548b1d3d7c2f0242fbfdbbd658731b4ce69a134be072fa83e6ab516f2840402a3f20e3e7f72e95133b23d4880ef24a6d864050dc8e1f7c68f39fa87ca8445917
  languageName: node
  linkType: hard

"abort-controller@npm:^3.0.0":
  version: 3.0.0
  resolution: "abort-controller@npm:3.0.0"
  dependencies:
    event-target-shim: "npm:^5.0.0"
  checksum: 10c0/90ccc50f010250152509a344eb2e71977fbf8db0ab8f1061197e3275ddf6c61a41a6edfd7b9409c664513131dd96e962065415325ef23efa5db931b382d24ca5
  languageName: node
  linkType: hard

"agent-base@npm:^7.0.2":
  version: 7.1.1
  resolution: "agent-base@npm:7.1.1"
  dependencies:
    debug: "npm:^4.3.4"
  checksum: 10c0/e59ce7bed9c63bf071a30cc471f2933862044c97fd9958967bfe22521d7a0f601ce4ed5a8c011799d0c726ca70312142ae193bbebb60f576b52be19d4a363b50
  languageName: node
  linkType: hard

"agentkeepalive@npm:^4.2.1":
  version: 4.5.0
  resolution: "agentkeepalive@npm:4.5.0"
  dependencies:
    humanize-ms: "npm:^1.2.1"
  checksum: 10c0/394ea19f9710f230722996e156607f48fdf3a345133b0b1823244b7989426c16019a428b56c82d3eabef616e938812981d9009f4792ecc66bd6a59e991c62612
  languageName: node
  linkType: hard

"ai@npm:^3.3.30":
  version: 3.3.30
  resolution: "ai@npm:3.3.30"
  dependencies:
    "@ai-sdk/provider": "npm:0.0.23"
    "@ai-sdk/provider-utils": "npm:1.0.18"
    "@ai-sdk/react": "npm:0.0.55"
    "@ai-sdk/solid": "npm:0.0.44"
    "@ai-sdk/svelte": "npm:0.0.46"
    "@ai-sdk/ui-utils": "npm:0.0.41"
    "@ai-sdk/vue": "npm:0.0.46"
    "@opentelemetry/api": "npm:1.9.0"
    eventsource-parser: "npm:1.1.2"
    json-schema: "npm:0.4.0"
    jsondiffpatch: "npm:0.6.0"
    nanoid: "npm:3.3.6"
    secure-json-parse: "npm:2.7.0"
    zod-to-json-schema: "npm:3.23.2"
  peerDependencies:
    openai: ^4.42.0
    react: ^18 || ^19
    sswr: ^2.1.0
    svelte: ^3.0.0 || ^4.0.0
    zod: ^3.0.0
  peerDependenciesMeta:
    openai:
      optional: true
    react:
      optional: true
    sswr:
      optional: true
    svelte:
      optional: true
    zod:
      optional: true
  checksum: 10c0/d92dd14228edeaf26020cd92ccb6f62418ef3f8308b8a83f59c62713463256c618d6dbb752264af370c1785cc98fa0e44567f496595ed123c1528a83a616bd14
  languageName: node
  linkType: hard

"asynckit@npm:^0.4.0":
  version: 0.4.0
  resolution: "asynckit@npm:0.4.0"
  checksum: 10c0/d73e2ddf20c4eb9337e1b3df1a0f6159481050a5de457c55b14ea2e5cb6d90bb69e004c9af54737a5ee0917fcf2c9e25de67777bbe58261847846066ba75bc9d
  languageName: node
  linkType: hard

"base64-js@npm:^1.3.0":
  version: 1.5.1
  resolution: "base64-js@npm:1.5.1"
  checksum: 10c0/f23823513b63173a001030fae4f2dabe283b99a9d324ade3ad3d148e218134676f1ee8568c877cd79ec1c53158dcf2d2ba527a97c606618928ba99dd930102bf
  languageName: node
  linkType: hard

"bignumber.js@npm:^9.0.0":
  version: 9.1.2
  resolution: "bignumber.js@npm:9.1.2"
  checksum: 10c0/e17786545433f3110b868725c449fa9625366a6e675cd70eb39b60938d6adbd0158cb4b3ad4f306ce817165d37e63f4aa3098ba4110db1d9a3b9f66abfbaf10d
  languageName: node
  linkType: hard

"buffer-equal-constant-time@npm:1.0.1":
  version: 1.0.1
  resolution: "buffer-equal-constant-time@npm:1.0.1"
  checksum: 10c0/fb2294e64d23c573d0dd1f1e7a466c3e978fe94a4e0f8183937912ca374619773bef8e2aceb854129d2efecbbc515bbd0cc78d2734a3e3031edb0888531bbc8e
  languageName: node
  linkType: hard

"call-bind@npm:^1.0.7":
  version: 1.0.7
  resolution: "call-bind@npm:1.0.7"
  dependencies:
    es-define-property: "npm:^1.0.0"
    es-errors: "npm:^1.3.0"
    function-bind: "npm:^1.1.2"
    get-intrinsic: "npm:^1.2.4"
    set-function-length: "npm:^1.2.1"
  checksum: 10c0/a3ded2e423b8e2a265983dba81c27e125b48eefb2655e7dfab6be597088da3d47c47976c24bc51b8fd9af1061f8f87b4ab78a314f3c77784b2ae2ba535ad8b8d
  languageName: node
  linkType: hard

"chalk@npm:^5.3.0":
  version: 5.3.0
  resolution: "chalk@npm:5.3.0"
  checksum: 10c0/8297d436b2c0f95801103ff2ef67268d362021b8210daf8ddbe349695333eb3610a71122172ff3b0272f1ef2cf7cc2c41fdaa4715f52e49ffe04c56340feed09
  languageName: node
  linkType: hard

"client-only@npm:^0.0.1":
  version: 0.0.1
  resolution: "client-only@npm:0.0.1"
  checksum: 10c0/9d6cfd0c19e1c96a434605added99dff48482152af791ec4172fb912a71cff9027ff174efd8cdb2160cc7f377543e0537ffc462d4f279bc4701de3f2a3c4b358
  languageName: node
  linkType: hard

"combined-stream@npm:^1.0.8":
  version: 1.0.8
  resolution: "combined-stream@npm:1.0.8"
  dependencies:
    delayed-stream: "npm:~1.0.0"
  checksum: 10c0/0dbb829577e1b1e839fa82b40c07ffaf7de8a09b935cadd355a73652ae70a88b4320db322f6634a4ad93424292fa80973ac6480986247f1734a1137debf271d5
  languageName: node
  linkType: hard

"cross-spawn@npm:^7.0.3":
  version: 7.0.3
  resolution: "cross-spawn@npm:7.0.3"
  dependencies:
    path-key: "npm:^3.1.0"
    shebang-command: "npm:^2.0.0"
    which: "npm:^2.0.1"
  checksum: 10c0/5738c312387081c98d69c98e105b6327b069197f864a60593245d64c8089c8a0a744e16349281210d56835bb9274130d825a78b2ad6853ca13cfbeffc0c31750
  languageName: node
  linkType: hard

"csstype@npm:^3.0.2":
  version: 3.1.3
  resolution: "csstype@npm:3.1.3"
  checksum: 10c0/80c089d6f7e0c5b2bd83cf0539ab41474198579584fa10d86d0cafe0642202343cbc119e076a0b1aece191989477081415d66c9fefbf3c957fc2fc4b7009f248
  languageName: node
  linkType: hard

"debug@npm:4, debug@npm:^4.3.4":
  version: 4.3.7
  resolution: "debug@npm:4.3.7"
  dependencies:
    ms: "npm:^2.1.3"
  peerDependenciesMeta:
    supports-color:
      optional: true
  checksum: 10c0/1471db19c3b06d485a622d62f65947a19a23fbd0dd73f7fd3eafb697eec5360cde447fb075919987899b1a2096e85d35d4eb5a4de09a57600ac9cf7e6c8e768b
  languageName: node
  linkType: hard

"define-data-property@npm:^1.1.4":
  version: 1.1.4
  resolution: "define-data-property@npm:1.1.4"
  dependencies:
    es-define-property: "npm:^1.0.0"
    es-errors: "npm:^1.3.0"
    gopd: "npm:^1.0.1"
  checksum: 10c0/dea0606d1483eb9db8d930d4eac62ca0fa16738b0b3e07046cddfacf7d8c868bbe13fa0cb263eb91c7d0d527960dc3f2f2471a69ed7816210307f6744fe62e37
  languageName: node
  linkType: hard

"delayed-stream@npm:~1.0.0":
  version: 1.0.0
  resolution: "delayed-stream@npm:1.0.0"
  checksum: 10c0/d758899da03392e6712f042bec80aa293bbe9e9ff1b2634baae6a360113e708b91326594c8a486d475c69d6259afb7efacdc3537bfcda1c6c648e390ce601b19
  languageName: node
  linkType: hard

"diff-match-patch@npm:^1.0.5":
  version: 1.0.5
  resolution: "diff-match-patch@npm:1.0.5"
  checksum: 10c0/142b6fad627b9ef309d11bd935e82b84c814165a02500f046e2773f4ea894d10ed3017ac20454900d79d4a0322079f5b713cf0986aaf15fce0ec4a2479980c86
  languageName: node
  linkType: hard

"dotenv@npm:^16.4.5":
  version: 16.4.5
  resolution: "dotenv@npm:16.4.5"
  checksum: 10c0/48d92870076832af0418b13acd6e5a5a3e83bb00df690d9812e94b24aff62b88ade955ac99a05501305b8dc8f1b0ee7638b18493deb6fe93d680e5220936292f
  languageName: node
  linkType: hard

"duplexer@npm:~0.1.1":
  version: 0.1.2
  resolution: "duplexer@npm:0.1.2"
  checksum: 10c0/c57bcd4bdf7e623abab2df43a7b5b23d18152154529d166c1e0da6bee341d84c432d157d7e97b32fecb1bf3a8b8857dd85ed81a915789f550637ed25b8e64fc2
  languageName: node
  linkType: hard

"ecdsa-sig-formatter@npm:1.0.11, ecdsa-sig-formatter@npm:^1.0.11":
  version: 1.0.11
  resolution: "ecdsa-sig-formatter@npm:1.0.11"
  dependencies:
    safe-buffer: "npm:^5.0.1"
  checksum: 10c0/ebfbf19d4b8be938f4dd4a83b8788385da353d63307ede301a9252f9f7f88672e76f2191618fd8edfc2f24679236064176fab0b78131b161ee73daa37125408c
  languageName: node
  linkType: hard

"es-define-property@npm:^1.0.0":
  version: 1.0.0
  resolution: "es-define-property@npm:1.0.0"
  dependencies:
    get-intrinsic: "npm:^1.2.4"
  checksum: 10c0/6bf3191feb7ea2ebda48b577f69bdfac7a2b3c9bcf97307f55fd6ef1bbca0b49f0c219a935aca506c993d8c5d8bddd937766cb760cd5e5a1071351f2df9f9aa4
  languageName: node
  linkType: hard

"es-errors@npm:^1.3.0":
  version: 1.3.0
  resolution: "es-errors@npm:1.3.0"
  checksum: 10c0/0a61325670072f98d8ae3b914edab3559b6caa980f08054a3b872052640d91da01d38df55df797fcc916389d77fc92b8d5906cf028f4db46d7e3003abecbca85
  languageName: node
  linkType: hard

"event-stream@npm:=3.3.4":
  version: 3.3.4
  resolution: "event-stream@npm:3.3.4"
  dependencies:
    duplexer: "npm:~0.1.1"
    from: "npm:~0"
    map-stream: "npm:~0.1.0"
    pause-stream: "npm:0.0.11"
    split: "npm:0.3"
    stream-combiner: "npm:~0.0.4"
    through: "npm:~2.3.1"
  checksum: 10c0/c3ec4e1efc27ab3e73a98923f0a2fa9a19051b87068fea2f3d53d2e4e8c5cfdadf8c8a115b17f3d90b16a46432d396bad91b6e8d0cceb3e449be717a03b75209
  languageName: node
  linkType: hard

"event-target-shim@npm:^5.0.0":
  version: 5.0.1
  resolution: "event-target-shim@npm:5.0.1"
  checksum: 10c0/0255d9f936215fd206156fd4caa9e8d35e62075d720dc7d847e89b417e5e62cf1ce6c9b4e0a1633a9256de0efefaf9f8d26924b1f3c8620cffb9db78e7d3076b
  languageName: node
  linkType: hard

"eventsource-parser@npm:1.1.2":
  version: 1.1.2
  resolution: "eventsource-parser@npm:1.1.2"
  checksum: 10c0/b38948bc81ae6c2a8b9c88383d4f8c2bfbaf23955827a9af68d39bc0550ae83cc400b197e814bea9aef6e0cdc9bae5afd95787418ee3d9ad01ffc4774cf1b84a
  languageName: node
  linkType: hard

"extend@npm:^3.0.2":
  version: 3.0.2
  resolution: "extend@npm:3.0.2"
  checksum: 10c0/73bf6e27406e80aa3e85b0d1c4fd987261e628064e170ca781125c0b635a3dabad5e05adbf07595ea0cf1e6c5396cacb214af933da7cbaf24fe75ff14818e8f9
  languageName: node
  linkType: hard

"form-data-encoder@npm:1.7.2":
  version: 1.7.2
  resolution: "form-data-encoder@npm:1.7.2"
  checksum: 10c0/56553768037b6d55d9de524f97fe70555f0e415e781cb56fc457a68263de3d40fadea2304d4beef2d40b1a851269bd7854e42c362107071892cb5238debe9464
  languageName: node
  linkType: hard

"form-data@npm:^4.0.0":
  version: 4.0.0
  resolution: "form-data@npm:4.0.0"
  dependencies:
    asynckit: "npm:^0.4.0"
    combined-stream: "npm:^1.0.8"
    mime-types: "npm:^2.1.12"
  checksum: 10c0/cb6f3ac49180be03ff07ba3ff125f9eba2ff0b277fb33c7fc47569fc5e616882c5b1c69b9904c4c4187e97dd0419dd03b134174756f296dec62041e6527e2c6e
  languageName: node
  linkType: hard

"formdata-node@npm:^4.3.2":
  version: 4.4.1
  resolution: "formdata-node@npm:4.4.1"
  dependencies:
    node-domexception: "npm:1.0.0"
    web-streams-polyfill: "npm:4.0.0-beta.3"
  checksum: 10c0/74151e7b228ffb33b565cec69182694ad07cc3fdd9126a8240468bb70a8ba66e97e097072b60bcb08729b24c7ce3fd3e0bd7f1f80df6f9f662b9656786e76f6a
  languageName: node
  linkType: hard

"from@npm:~0":
  version: 0.1.7
  resolution: "from@npm:0.1.7"
  checksum: 10c0/3aab5aea8fe8e1f12a5dee7f390d46a93431ce691b6222dcd5701c5d34378e51ca59b44967da1105a0f90fcdf5d7629d963d51e7ccd79827d19693bdcfb688d4
  languageName: node
  linkType: hard

"function-bind@npm:^1.1.2":
  version: 1.1.2
  resolution: "function-bind@npm:1.1.2"
  checksum: 10c0/d8680ee1e5fcd4c197e4ac33b2b4dce03c71f4d91717292785703db200f5c21f977c568d28061226f9b5900cbcd2c84463646134fd5337e7925e0942bc3f46d5
  languageName: node
  linkType: hard

"gaxios@npm:^6.0.0, gaxios@npm:^6.1.1":
  version: 6.7.1
  resolution: "gaxios@npm:6.7.1"
  dependencies:
    extend: "npm:^3.0.2"
    https-proxy-agent: "npm:^7.0.1"
    is-stream: "npm:^2.0.0"
    node-fetch: "npm:^2.6.9"
    uuid: "npm:^9.0.1"
  checksum: 10c0/53e92088470661c5bc493a1de29d05aff58b1f0009ec5e7903f730f892c3642a93e264e61904383741ccbab1ce6e519f12a985bba91e13527678b32ee6d7d3fd
  languageName: node
  linkType: hard

"gcp-metadata@npm:^6.1.0":
  version: 6.1.0
  resolution: "gcp-metadata@npm:6.1.0"
  dependencies:
    gaxios: "npm:^6.0.0"
    json-bigint: "npm:^1.0.0"
  checksum: 10c0/0f84f8c0b974e79d0da0f3063023486e53d7982ce86c4b5871e4ee3b1fc4e7f76fcc05f6342aa0ded5023f1a499c21ab97743a498b31f3aa299905226d1f66ab
  languageName: node
  linkType: hard

"get-intrinsic@npm:^1.1.3, get-intrinsic@npm:^1.2.4":
  version: 1.2.4
  resolution: "get-intrinsic@npm:1.2.4"
  dependencies:
    es-errors: "npm:^1.3.0"
    function-bind: "npm:^1.1.2"
    has-proto: "npm:^1.0.1"
    has-symbols: "npm:^1.0.3"
    hasown: "npm:^2.0.0"
  checksum: 10c0/0a9b82c16696ed6da5e39b1267104475c47e3a9bdbe8b509dfe1710946e38a87be70d759f4bb3cda042d76a41ef47fe769660f3b7c0d1f68750299344ffb15b7
  languageName: node
  linkType: hard

"google-auth-library@npm:^9.1.0":
  version: 9.14.1
  resolution: "google-auth-library@npm:9.14.1"
  dependencies:
    base64-js: "npm:^1.3.0"
    ecdsa-sig-formatter: "npm:^1.0.11"
    gaxios: "npm:^6.1.1"
    gcp-metadata: "npm:^6.1.0"
    gtoken: "npm:^7.0.0"
    jws: "npm:^4.0.0"
  checksum: 10c0/050e16343d93768300a800bc69773d8c451c4e778b0e503fc9dcf72e40e9563c0877f7a79ed06dffad664b49fdd1183080c41f081034b86d54a6795475fb73d2
  languageName: node
  linkType: hard

"gopd@npm:^1.0.1":
  version: 1.0.1
  resolution: "gopd@npm:1.0.1"
  dependencies:
    get-intrinsic: "npm:^1.1.3"
  checksum: 10c0/505c05487f7944c552cee72087bf1567debb470d4355b1335f2c262d218ebbff805cd3715448fe29b4b380bae6912561d0467233e4165830efd28da241418c63
  languageName: node
  linkType: hard

"gtoken@npm:^7.0.0":
  version: 7.1.0
  resolution: "gtoken@npm:7.1.0"
  dependencies:
    gaxios: "npm:^6.0.0"
    jws: "npm:^4.0.0"
  checksum: 10c0/0a3dcacb1a3c4578abe1ee01c7d0bf20bffe8ded3ee73fc58885d53c00f6eb43b4e1372ff179f0da3ed5cfebd5b7c6ab8ae2776f1787e90d943691b4fe57c716
  languageName: node
  linkType: hard

"has-property-descriptors@npm:^1.0.2":
  version: 1.0.2
  resolution: "has-property-descriptors@npm:1.0.2"
  dependencies:
    es-define-property: "npm:^1.0.0"
  checksum: 10c0/253c1f59e80bb476cf0dde8ff5284505d90c3bdb762983c3514d36414290475fe3fd6f574929d84de2a8eec00d35cf07cb6776205ff32efd7c50719125f00236
  languageName: node
  linkType: hard

"has-proto@npm:^1.0.1":
  version: 1.0.3
  resolution: "has-proto@npm:1.0.3"
  checksum: 10c0/35a6989f81e9f8022c2f4027f8b48a552de714938765d019dbea6bb547bd49ce5010a3c7c32ec6ddac6e48fc546166a3583b128f5a7add8b058a6d8b4afec205
  languageName: node
  linkType: hard

"has-symbols@npm:^1.0.3":
  version: 1.0.3
  resolution: "has-symbols@npm:1.0.3"
  checksum: 10c0/e6922b4345a3f37069cdfe8600febbca791c94988c01af3394d86ca3360b4b93928bbf395859158f88099cb10b19d98e3bbab7c9ff2c1bd09cf665ee90afa2c3
  languageName: node
  linkType: hard

"hasown@npm:^2.0.0":
  version: 2.0.2
  resolution: "hasown@npm:2.0.2"
  dependencies:
    function-bind: "npm:^1.1.2"
  checksum: 10c0/3769d434703b8ac66b209a4cca0737519925bbdb61dd887f93a16372b14694c63ff4e797686d87c90f08168e81082248b9b028bad60d4da9e0d1148766f56eb9
  languageName: node
  linkType: hard

"https-proxy-agent@npm:^7.0.1":
  version: 7.0.5
  resolution: "https-proxy-agent@npm:7.0.5"
  dependencies:
    agent-base: "npm:^7.0.2"
    debug: "npm:4"
  checksum: 10c0/2490e3acec397abeb88807db52cac59102d5ed758feee6df6112ab3ccd8325e8a1ce8bce6f4b66e5470eca102d31e425ace904242e4fa28dbe0c59c4bafa7b2c
  languageName: node
  linkType: hard

"humanize-ms@npm:^1.2.1":
  version: 1.2.1
  resolution: "humanize-ms@npm:1.2.1"
  dependencies:
    ms: "npm:^2.0.0"
  checksum: 10c0/f34a2c20161d02303c2807badec2f3b49cbfbbb409abd4f95a07377ae01cfe6b59e3d15ac609cffcd8f2521f0eb37b7e1091acf65da99aa2a4f1ad63c21e7e7a
  languageName: node
  linkType: hard

"icon-name@workspace:.":
  version: 0.0.0-use.local
  resolution: "icon-name@workspace:."
  dependencies:
    "@ai-sdk/google-vertex": "npm:^0.0.36"
    "@google-cloud/vertexai": "npm:^1.7.0"
    "@types/node": "npm:^22.5.4"
    "@types/react": "npm:^18.3.5"
    ai: "npm:^3.3.30"
    dotenv: "npm:^16.4.5"
    openai: "npm:^4.58.2"
    tsc-watch: "npm:^6.2.0"
    typescript: "npm:^5.6.2"
    zod: "npm:^3.23.8"
  languageName: unknown
  linkType: soft

"is-stream@npm:^2.0.0":
  version: 2.0.1
  resolution: "is-stream@npm:2.0.1"
  checksum: 10c0/7c284241313fc6efc329b8d7f08e16c0efeb6baab1b4cd0ba579eb78e5af1aa5da11e68559896a2067cd6c526bd29241dda4eb1225e627d5aa1a89a76d4635a5
  languageName: node
  linkType: hard

"isexe@npm:^2.0.0":
  version: 2.0.0
  resolution: "isexe@npm:2.0.0"
  checksum: 10c0/228cfa503fadc2c31596ab06ed6aa82c9976eec2bfd83397e7eaf06d0ccf42cd1dfd6743bf9aeb01aebd4156d009994c5f76ea898d2832c1fe342da923ca457d
  languageName: node
  linkType: hard

"json-bigint@npm:^1.0.0":
  version: 1.0.0
  resolution: "json-bigint@npm:1.0.0"
  dependencies:
    bignumber.js: "npm:^9.0.0"
  checksum: 10c0/e3f34e43be3284b573ea150a3890c92f06d54d8ded72894556357946aeed9877fd795f62f37fe16509af189fd314ab1104d0fd0f163746ad231b9f378f5b33f4
  languageName: node
  linkType: hard

"json-schema@npm:0.4.0":
  version: 0.4.0
  resolution: "json-schema@npm:0.4.0"
  checksum: 10c0/d4a637ec1d83544857c1c163232f3da46912e971d5bf054ba44fdb88f07d8d359a462b4aec46f2745efbc57053365608d88bc1d7b1729f7b4fc3369765639ed3
  languageName: node
  linkType: hard

"jsondiffpatch@npm:0.6.0":
  version: 0.6.0
  resolution: "jsondiffpatch@npm:0.6.0"
  dependencies:
    "@types/diff-match-patch": "npm:^1.0.36"
    chalk: "npm:^5.3.0"
    diff-match-patch: "npm:^1.0.5"
  bin:
    jsondiffpatch: bin/jsondiffpatch.js
  checksum: 10c0/f7822e48a8ef8b9f7c6024cc59b7d3707a9fe6d84fd776d169de5a1803ad551ffe7cfdc7587f3900f224bc70897355884ed43eb1c8ccd02e7f7b43a7ebcfed4f
  languageName: node
  linkType: hard

"jwa@npm:^2.0.0":
  version: 2.0.0
  resolution: "jwa@npm:2.0.0"
  dependencies:
    buffer-equal-constant-time: "npm:1.0.1"
    ecdsa-sig-formatter: "npm:1.0.11"
    safe-buffer: "npm:^5.0.1"
  checksum: 10c0/6baab823b93c038ba1d2a9e531984dcadbc04e9eb98d171f4901b7a40d2be15961a359335de1671d78cb6d987f07cbe5d350d8143255977a889160c4d90fcc3c
  languageName: node
  linkType: hard

"jws@npm:^4.0.0":
  version: 4.0.0
  resolution: "jws@npm:4.0.0"
  dependencies:
    jwa: "npm:^2.0.0"
    safe-buffer: "npm:^5.0.1"
  checksum: 10c0/f1ca77ea5451e8dc5ee219cb7053b8a4f1254a79cb22417a2e1043c1eb8a569ae118c68f24d72a589e8a3dd1824697f47d6bd4fb4bebb93a3bdf53545e721661
  languageName: node
  linkType: hard

"map-stream@npm:~0.1.0":
  version: 0.1.0
  resolution: "map-stream@npm:0.1.0"
  checksum: 10c0/7dd6debe511c1b55d9da75e1efa65a28b1252a2d8357938d2e49b412713c478efbaefb0cdf0ee0533540c3bf733e8f9f71e1a15aa0fe74bf71b64e75bf1576bd
  languageName: node
  linkType: hard

"mime-db@npm:1.52.0":
  version: 1.52.0
  resolution: "mime-db@npm:1.52.0"
  checksum: 10c0/0557a01deebf45ac5f5777fe7740b2a5c309c6d62d40ceab4e23da9f821899ce7a900b7ac8157d4548ddbb7beffe9abc621250e6d182b0397ec7f10c7b91a5aa
  languageName: node
  linkType: hard

"mime-types@npm:^2.1.12":
  version: 2.1.35
  resolution: "mime-types@npm:2.1.35"
  dependencies:
    mime-db: "npm:1.52.0"
  checksum: 10c0/82fb07ec56d8ff1fc999a84f2f217aa46cb6ed1033fefaabd5785b9a974ed225c90dc72fff460259e66b95b73648596dbcc50d51ed69cdf464af2d237d3149b2
  languageName: node
  linkType: hard

"ms@npm:^2.0.0, ms@npm:^2.1.3":
  version: 2.1.3
  resolution: "ms@npm:2.1.3"
  checksum: 10c0/d924b57e7312b3b63ad21fc5b3dc0af5e78d61a1fc7cfb5457edaf26326bf62be5307cc87ffb6862ef1c2b33b0233cdb5d4f01c4c958cc0d660948b65a287a48
  languageName: node
  linkType: hard

"nanoid@npm:3.3.6":
  version: 3.3.6
  resolution: "nanoid@npm:3.3.6"
  bin:
    nanoid: bin/nanoid.cjs
  checksum: 10c0/606b355960d0fcbe3d27924c4c52ef7d47d3b57208808ece73279420d91469b01ec1dce10fae512b6d4a8c5a5432b352b228336a8b2202a6ea68e67fa348e2ee
  languageName: node
  linkType: hard

"node-cleanup@npm:^2.1.2":
  version: 2.1.2
  resolution: "node-cleanup@npm:2.1.2"
  checksum: 10c0/c59077d7cac01f6315e4417e5d13523e43aa19965b14768581dbd06b37419323abe5f7171afe6aa52b7a483bdd0027e5a5f62a532a2ebec2a8c4cdf163736c92
  languageName: node
  linkType: hard

"node-domexception@npm:1.0.0":
  version: 1.0.0
  resolution: "node-domexception@npm:1.0.0"
  checksum: 10c0/5e5d63cda29856402df9472335af4bb13875e1927ad3be861dc5ebde38917aecbf9ae337923777af52a48c426b70148815e890a5d72760f1b4d758cc671b1a2b
  languageName: node
  linkType: hard

"node-fetch@npm:^2.6.7, node-fetch@npm:^2.6.9":
  version: 2.7.0
  resolution: "node-fetch@npm:2.7.0"
  dependencies:
    whatwg-url: "npm:^5.0.0"
  peerDependencies:
    encoding: ^0.1.0
  peerDependenciesMeta:
    encoding:
      optional: true
  checksum: 10c0/b55786b6028208e6fbe594ccccc213cab67a72899c9234eb59dba51062a299ea853210fcf526998eaa2867b0963ad72338824450905679ff0fa304b8c5093ae8
  languageName: node
  linkType: hard

"object-inspect@npm:^1.13.1":
  version: 1.13.2
  resolution: "object-inspect@npm:1.13.2"
  checksum: 10c0/b97835b4c91ec37b5fd71add84f21c3f1047d1d155d00c0fcd6699516c256d4fcc6ff17a1aced873197fe447f91a3964178fd2a67a1ee2120cdaf60e81a050b4
  languageName: node
  linkType: hard

"openai@npm:^4.58.2":
  version: 4.58.2
  resolution: "openai@npm:4.58.2"
  dependencies:
    "@types/node": "npm:^18.11.18"
    "@types/node-fetch": "npm:^2.6.4"
    "@types/qs": "npm:^6.9.15"
    abort-controller: "npm:^3.0.0"
    agentkeepalive: "npm:^4.2.1"
    form-data-encoder: "npm:1.7.2"
    formdata-node: "npm:^4.3.2"
    node-fetch: "npm:^2.6.7"
    qs: "npm:^6.10.3"
  peerDependencies:
    zod: ^3.23.8
  peerDependenciesMeta:
    zod:
      optional: true
  bin:
    openai: bin/cli
  checksum: 10c0/2830e2fc9674f91fcbcae2aae7b6ec8c66447fd8216ae0450b1f2b72296f7cd8701c63351ebdb74eb760db534a0c40eaf470eb3ddf4f87266178b20ddec6181e
  languageName: node
  linkType: hard

"path-key@npm:^3.1.0":
  version: 3.1.1
  resolution: "path-key@npm:3.1.1"
  checksum: 10c0/748c43efd5a569c039d7a00a03b58eecd1d75f3999f5a28303d75f521288df4823bc057d8784eb72358b2895a05f29a070bc9f1f17d28226cc4e62494cc58c4c
  languageName: node
  linkType: hard

"pause-stream@npm:0.0.11":
  version: 0.0.11
  resolution: "pause-stream@npm:0.0.11"
  dependencies:
    through: "npm:~2.3"
  checksum: 10c0/86f12c64cdaaa8e45ebaca4e39a478e1442db8b4beabc280b545bfaf79c0e2f33c51efb554aace5c069cc441c7b924ba484837b345eaa4ba6fc940d62f826802
  languageName: node
  linkType: hard

"ps-tree@npm:^1.2.0":
  version: 1.2.0
  resolution: "ps-tree@npm:1.2.0"
  dependencies:
    event-stream: "npm:=3.3.4"
  bin:
    ps-tree: ./bin/ps-tree.js
  checksum: 10c0/9d1c159e0890db5aa05f84d125193c2190a6c4ecd457596fd25e7611f8f747292a846459dcc0244e27d45529d4cea6d1010c3a2a087fad02624d12fdb7d97c22
  languageName: node
  linkType: hard

"qs@npm:^6.10.3":
  version: 6.13.0
  resolution: "qs@npm:6.13.0"
  dependencies:
    side-channel: "npm:^1.0.6"
  checksum: 10c0/62372cdeec24dc83a9fb240b7533c0fdcf0c5f7e0b83343edd7310f0ab4c8205a5e7c56406531f2e47e1b4878a3821d652be4192c841de5b032ca83619d8f860
  languageName: node
  linkType: hard

"safe-buffer@npm:^5.0.1":
  version: 5.2.1
  resolution: "safe-buffer@npm:5.2.1"
  checksum: 10c0/6501914237c0a86e9675d4e51d89ca3c21ffd6a31642efeba25ad65720bce6921c9e7e974e5be91a786b25aa058b5303285d3c15dbabf983a919f5f630d349f3
  languageName: node
  linkType: hard

"secure-json-parse@npm:2.7.0":
  version: 2.7.0
  resolution: "secure-json-parse@npm:2.7.0"
  checksum: 10c0/f57eb6a44a38a3eeaf3548228585d769d788f59007454214fab9ed7f01fbf2e0f1929111da6db28cf0bcc1a2e89db5219a59e83eeaec3a54e413a0197ce879e4
  languageName: node
  linkType: hard

"set-function-length@npm:^1.2.1":
  version: 1.2.2
  resolution: "set-function-length@npm:1.2.2"
  dependencies:
    define-data-property: "npm:^1.1.4"
    es-errors: "npm:^1.3.0"
    function-bind: "npm:^1.1.2"
    get-intrinsic: "npm:^1.2.4"
    gopd: "npm:^1.0.1"
    has-property-descriptors: "npm:^1.0.2"
  checksum: 10c0/82850e62f412a258b71e123d4ed3873fa9377c216809551192bb6769329340176f109c2eeae8c22a8d386c76739855f78e8716515c818bcaef384b51110f0f3c
  languageName: node
  linkType: hard

"shebang-command@npm:^2.0.0":
  version: 2.0.0
  resolution: "shebang-command@npm:2.0.0"
  dependencies:
    shebang-regex: "npm:^3.0.0"
  checksum: 10c0/a41692e7d89a553ef21d324a5cceb5f686d1f3c040759c50aab69688634688c5c327f26f3ecf7001ebfd78c01f3c7c0a11a7c8bfd0a8bc9f6240d4f40b224e4e
  languageName: node
  linkType: hard

"shebang-regex@npm:^3.0.0":
  version: 3.0.0
  resolution: "shebang-regex@npm:3.0.0"
  checksum: 10c0/1dbed0726dd0e1152a92696c76c7f06084eb32a90f0528d11acd764043aacf76994b2fb30aa1291a21bd019d6699164d048286309a278855ee7bec06cf6fb690
  languageName: node
  linkType: hard

"side-channel@npm:^1.0.6":
  version: 1.0.6
  resolution: "side-channel@npm:1.0.6"
  dependencies:
    call-bind: "npm:^1.0.7"
    es-errors: "npm:^1.3.0"
    get-intrinsic: "npm:^1.2.4"
    object-inspect: "npm:^1.13.1"
  checksum: 10c0/d2afd163dc733cc0a39aa6f7e39bf0c436293510dbccbff446733daeaf295857dbccf94297092ec8c53e2503acac30f0b78830876f0485991d62a90e9cad305f
  languageName: node
  linkType: hard

"split@npm:0.3":
  version: 0.3.3
  resolution: "split@npm:0.3.3"
  dependencies:
    through: "npm:2"
  checksum: 10c0/88c09b1b4de84953bf5d6c153123a1fbb20addfea9381f70d27b4eb6b2bfbadf25d313f8f5d3fd727d5679b97bfe54da04766b91010f131635bf49e51d5db3fc
  languageName: node
  linkType: hard

"sswr@npm:2.1.0":
  version: 2.1.0
  resolution: "sswr@npm:2.1.0"
  dependencies:
    swrev: "npm:^4.0.0"
  peerDependencies:
    svelte: ^4.0.0 || ^5.0.0-next.0
  checksum: 10c0/dd4ec5448ae59770a74cc1762c41d9f45e6a784715bf0f78654c87a44f88836e59d7de90f1a2aeb9ffe2c8560b7daf0e09ef07a4c2aece48b505f10c3a077031
  languageName: node
  linkType: hard

"stream-combiner@npm:~0.0.4":
  version: 0.0.4
  resolution: "stream-combiner@npm:0.0.4"
  dependencies:
    duplexer: "npm:~0.1.1"
  checksum: 10c0/8075a94c0eb0f20450a8236cb99d4ce3ea6e6a4b36d8baa7440b1a08cde6ffd227debadffaecd80993bd334282875d0e927ab5b88484625e01970dd251004ff5
  languageName: node
  linkType: hard

"string-argv@npm:^0.3.1":
  version: 0.3.2
  resolution: "string-argv@npm:0.3.2"
  checksum: 10c0/75c02a83759ad1722e040b86823909d9a2fc75d15dd71ec4b537c3560746e33b5f5a07f7332d1e3f88319909f82190843aa2f0a0d8c8d591ec08e93d5b8dec82
  languageName: node
  linkType: hard

"swr@npm:2.2.5":
  version: 2.2.5
  resolution: "swr@npm:2.2.5"
  dependencies:
    client-only: "npm:^0.0.1"
    use-sync-external-store: "npm:^1.2.0"
  peerDependencies:
    react: ^16.11.0 || ^17.0.0 || ^18.0.0
  checksum: 10c0/731488d609ac6db60626632e3f76b046f28400b44504b3dfa69231a645127579b1add7a1595e5a6c718e24c80f1399506883bb456ca83c1b621357a0bf5a2a94
  languageName: node
  linkType: hard

"swrev@npm:^4.0.0":
  version: 4.0.0
  resolution: "swrev@npm:4.0.0"
  checksum: 10c0/c2d2328f3f29d85af3b8fd9d449195f7be737d2efa465aeeaf1bf9b64473b610f0db82114261f9a11380bbe30c4a09fb702da24753144789de4073ede1d10824
  languageName: node
  linkType: hard

"swrv@npm:1.0.4":
  version: 1.0.4
  resolution: "swrv@npm:1.0.4"
  peerDependencies:
    vue: ">=3.2.26 < 4"
  checksum: 10c0/2bdf8bf3e461c21f9030ad47f1996e2429ca99cb31d0bb91ae5b04ba9b48e8fce93c356491cc69a3a586575a6ad0f5b29812b2a3a3e7ee28c1f2086c4f72f8b9
  languageName: node
  linkType: hard

"through@npm:2, through@npm:~2.3, through@npm:~2.3.1":
  version: 2.3.8
  resolution: "through@npm:2.3.8"
  checksum: 10c0/4b09f3774099de0d4df26d95c5821a62faee32c7e96fb1f4ebd54a2d7c11c57fe88b0a0d49cf375de5fee5ae6bf4eb56dbbf29d07366864e2ee805349970d3cc
  languageName: node
  linkType: hard

"tr46@npm:~0.0.3":
  version: 0.0.3
  resolution: "tr46@npm:0.0.3"
  checksum: 10c0/047cb209a6b60c742f05c9d3ace8fa510bff609995c129a37ace03476a9b12db4dbf975e74600830ef0796e18882b2381fb5fb1f6b4f96b832c374de3ab91a11
  languageName: node
  linkType: hard

"tsc-watch@npm:^6.2.0":
  version: 6.2.0
  resolution: "tsc-watch@npm:6.2.0"
  dependencies:
    cross-spawn: "npm:^7.0.3"
    node-cleanup: "npm:^2.1.2"
    ps-tree: "npm:^1.2.0"
    string-argv: "npm:^0.3.1"
  peerDependencies:
    typescript: "*"
  bin:
    tsc-watch: dist/lib/tsc-watch.js
  checksum: 10c0/689a868198c207619bb197d54e3123567c011dca06596c0c9ed4e6dc0d0820ae45d8c7d15c9cef45521673016cf340dceb5ac318436db44018fb87880d8e1ffe
  languageName: node
  linkType: hard

"typescript@npm:^5.6.2":
  version: 5.6.2
  resolution: "typescript@npm:5.6.2"
  bin:
    tsc: bin/tsc
    tsserver: bin/tsserver
  checksum: 10c0/3ed8297a8c7c56b7fec282532503d1ac795239d06e7c4966b42d4330c6cf433a170b53bcf93a130a7f14ccc5235de5560df4f1045eb7f3550b46ebed16d3c5e5
  languageName: node
  linkType: hard

"typescript@patch:typescript@npm%3A^5.6.2#optional!builtin<compat/typescript>":
  version: 5.6.2
  resolution: "typescript@patch:typescript@npm%3A5.6.2#optional!builtin<compat/typescript>::version=5.6.2&hash=8c6c40"
  bin:
    tsc: bin/tsc
    tsserver: bin/tsserver
  checksum: 10c0/94eb47e130d3edd964b76da85975601dcb3604b0c848a36f63ac448d0104e93819d94c8bdf6b07c00120f2ce9c05256b8b6092d23cf5cf1c6fa911159e4d572f
  languageName: node
  linkType: hard

"undici-types@npm:~5.26.4":
  version: 5.26.5
  resolution: "undici-types@npm:5.26.5"
  checksum: 10c0/bb673d7876c2d411b6eb6c560e0c571eef4a01c1c19925175d16e3a30c4c428181fb8d7ae802a261f283e4166a0ac435e2f505743aa9e45d893f9a3df017b501
  languageName: node
  linkType: hard

"undici-types@npm:~6.19.2":
  version: 6.19.8
  resolution: "undici-types@npm:6.19.8"
  checksum: 10c0/078afa5990fba110f6824823ace86073b4638f1d5112ee26e790155f481f2a868cc3e0615505b6f4282bdf74a3d8caad715fd809e870c2bb0704e3ea6082f344
  languageName: node
  linkType: hard

"use-sync-external-store@npm:^1.2.0":
  version: 1.2.2
  resolution: "use-sync-external-store@npm:1.2.2"
  peerDependencies:
    react: ^16.8.0 || ^17.0.0 || ^18.0.0
  checksum: 10c0/23b1597c10adf15b26ade9e8c318d8cc0abc9ec0ab5fc7ca7338da92e89c2536abd150a5891bf076836c352fdfa104fc7231fb48f806fd9960e0cbe03601abaf
  languageName: node
  linkType: hard

"uuid@npm:^9.0.1":
  version: 9.0.1
  resolution: "uuid@npm:9.0.1"
  bin:
    uuid: dist/bin/uuid
  checksum: 10c0/1607dd32ac7fc22f2d8f77051e6a64845c9bce5cd3dd8aa0070c074ec73e666a1f63c7b4e0f4bf2bc8b9d59dc85a15e17807446d9d2b17c8485fbc2147b27f9b
  languageName: node
  linkType: hard

"web-streams-polyfill@npm:4.0.0-beta.3":
  version: 4.0.0-beta.3
  resolution: "web-streams-polyfill@npm:4.0.0-beta.3"
  checksum: 10c0/a9596779db2766990117ed3a158e0b0e9f69b887a6d6ba0779940259e95f99dc3922e534acc3e5a117b5f5905300f527d6fbf8a9f0957faf1d8e585ce3452e8e
  languageName: node
  linkType: hard

"webidl-conversions@npm:^3.0.0":
  version: 3.0.1
  resolution: "webidl-conversions@npm:3.0.1"
  checksum: 10c0/5612d5f3e54760a797052eb4927f0ddc01383550f542ccd33d5238cfd65aeed392a45ad38364970d0a0f4fea32e1f4d231b3d8dac4a3bdd385e5cf802ae097db
  languageName: node
  linkType: hard

"whatwg-url@npm:^5.0.0":
  version: 5.0.0
  resolution: "whatwg-url@npm:5.0.0"
  dependencies:
    tr46: "npm:~0.0.3"
    webidl-conversions: "npm:^3.0.0"
  checksum: 10c0/1588bed84d10b72d5eec1d0faa0722ba1962f1821e7539c535558fb5398d223b0c50d8acab950b8c488b4ba69043fd833cc2697056b167d8ad46fac3995a55d5
  languageName: node
  linkType: hard

"which@npm:^2.0.1":
  version: 2.0.2
  resolution: "which@npm:2.0.2"
  dependencies:
    isexe: "npm:^2.0.0"
  bin:
    node-which: ./bin/node-which
  checksum: 10c0/66522872a768b60c2a65a57e8ad184e5372f5b6a9ca6d5f033d4b0dc98aff63995655a7503b9c0a2598936f532120e81dd8cc155e2e92ed662a2b9377cc4374f
  languageName: node
  linkType: hard

"zod-to-json-schema@npm:3.23.2":
  version: 3.23.2
  resolution: "zod-to-json-schema@npm:3.23.2"
  peerDependencies:
    zod: ^3.23.3
  checksum: 10c0/7c9a4756a5eba231d2c354528eb8338a96489a2f804d1a8619e1baa10dde4178fc9f1b4f369e965d858b19a226dcb3375e5b38b5e822c52e2d7ad529d2a6912d
  languageName: node
  linkType: hard

"zod@npm:^3.23.8":
  version: 3.23.8
  resolution: "zod@npm:3.23.8"
  checksum: 10c0/8f14c87d6b1b53c944c25ce7a28616896319d95bc46a9660fe441adc0ed0a81253b02b5abdaeffedbeb23bdd25a0bf1c29d2c12dd919aef6447652dd295e3e69
  languageName: node
  linkType: hard
